
Microsoft Visual Studio Solution File, Format Version 12.00
# Visual Studio Version 17
VisualStudioVersion = 17.7.34003.232
MinimumVisualStudioVersion = 10.0.40219.1
Project("{FAE04EC0-301F-11D3-BF4B-00C04F79EFBC}") = "DashboardNew", "DashboardNew.csproj", "{74BD25EE-EA67-483E-B15B-D268738B55EC}"
EndProject
Global
	GlobalSection(SolutionConfigurationPlatforms) = preSolution
		Debug|Any CPU = Debug|Any CPU
		Release|Any CPU = Release|Any CPU
	EndGlobalSection
	GlobalSection(ProjectConfigurationPlatforms) = postSolution
		{74BD25EE-EA67-483E-B15B-D268738B55EC}.Debug|Any CPU.ActiveCfg = Debug|Any CPU
		{74BD25EE-EA67-483E-B15B-D268738B55EC}.Debug|Any CPU.Build.0 = Debug|Any CPU
		{74BD25EE-EA67-483E-B15B-D268738B55EC}.Release|Any CPU.ActiveCfg = Release|Any CPU
		{74BD25EE-EA67-483E-B15B-D268738B55EC}.Release|Any CPU.Build.0 = Release|Any CPU
	EndGlobalSection
	GlobalSection(SolutionProperties) = preSolution
		HideSolutionNode = FALSE
	EndGlobalSection
	GlobalSection(ExtensibilityGlobals) = postSolution
		SolutionGuid = {484CD342-02BD-4B40-8BD0-FDE4B5FB3F34}
	EndGlobalSection
EndGlobal
